
Microsoft Visual Studio Solution File, Format Version 12.00
# Visual Studio Version 16
VisualStudioVersion = 16.0.30011.22
MinimumVisualStudioVersion = 10.0.40219.1
Project("{FAE04EC0-301F-11D3-BF4B-00C04F79EFBC}") = "Web", "Web\Web.csproj", "{0B331FF1-B903-4B82-98E1-219F1F4CD576}"
EndProject
Project("{FAE04EC0-301F-11D3-BF4B-00C04F79EFBC}") = "Infrastructure", "Infrastructure\Infrastructure.csproj", "{93F2BADE-8E05-4A81-B066-7089B5718B08}"
EndProject
Project("{FAE04EC0-301F-11D3-BF4B-00C04F79EFBC}") = "Core", "Core\Core.csproj", "{775374C6-F920-4377-A3EB-426A4B915D69}"
EndProject
Global
	GlobalSection(SolutionConfigurationPlatforms) = preSolution
		Debug|Any CPU = Debug|Any CPU
		Release|Any CPU = Release|Any CPU
	EndGlobalSection
	GlobalSection(ProjectConfigurationPlatforms) = postSolution
		{0B331FF1-B903-4B82-98E1-219F1F4CD576}.Debug|Any CPU.ActiveCfg = Debug|Any CPU
		{0B331FF1-B903-4B82-98E1-219F1F4CD576}.Debug|Any CPU.Build.0 = Debug|Any CPU
		{0B331FF1-B903-4B82-98E1-219F1F4CD576}.Release|Any CPU.ActiveCfg = Release|Any CPU
		{0B331FF1-B903-4B82-98E1-219F1F4CD576}.Release|Any CPU.Build.0 = Release|Any CPU
		{93F2BADE-8E05-4A81-B066-7089B5718B08}.Debug|Any CPU.ActiveCfg = Debug|Any CPU
		{93F2BADE-8E05-4A81-B066-7089B5718B08}.Debug|Any CPU.Build.0 = Debug|Any CPU
		{93F2BADE-8E05-4A81-B066-7089B5718B08}.Release|Any CPU.ActiveCfg = Release|Any CPU
		{93F2BADE-8E05-4A81-B066-7089B5718B08}.Release|Any CPU.Build.0 = Release|Any CPU
		{775374C6-F920-4377-A3EB-426A4B915D69}.Debug|Any CPU.ActiveCfg = Debug|Any CPU
		{775374C6-F920-4377-A3EB-426A4B915D69}.Debug|Any CPU.Build.0 = Debug|Any CPU
		{775374C6-F920-4377-A3EB-426A4B915D69}.Release|Any CPU.ActiveCfg = Release|Any CPU
		{775374C6-F920-4377-A3EB-426A4B915D69}.Release|Any CPU.Build.0 = Release|Any CPU
	EndGlobalSection
	GlobalSection(SolutionProperties) = preSolution
		HideSolutionNode = FALSE
	EndGlobalSection
	GlobalSection(ExtensibilityGlobals) = postSolution
		SolutionGuid = {A78D2E52-E6A0-4D21-B1DF-B3F7B68DE232}
	EndGlobalSection
EndGlobal
